{
  "name": "callback-shownumber",
  "version": "1.0.0",
  "lockfileVersion": 3,
  "requires": true,
  "packages": {
    "": {
      "name": "callback-shownumber",
      "version": "1.0.0",
      "license": "ISC",
      "dependencies": {
        "callback-shownumber": "^1.0.0"
      }
    },
    "node_modules/callback-shownumber": {
      "version": "1.0.0",
      "resolved": "https://registry.npmjs.org/callback-shownumber/-/callback-shownumber-1.0.0.tgz",
      "integrity": "sha512-nWjanvcrs0ryUb+zY1vvzOIp3+pr2PF2zWUQOGjoLg16ME9p9/bT2tWNgNjbFOtmIAV+BB9EGQH+AfVZOTffqw=="
    }
  }
}
